// !$*UTF8*$!
{
	archiveVersion = 1;
	classes = {
	};
	objectVersion = 56;
	objects = {

/* Begin PBXBuildFile section */
		5E3D6BC72D3079F1009F44BD /* GradientSwiftUI.swift in Sources */ = {isa = PBXBuildFile; fileRef = 5E3D6BC62D3079F1009F44BD /* GradientSwiftUI.swift */; };
		5E84983E2D343E8800C99C98 /* IconsSwiftUI.swift in Sources */ = {isa = PBXBuildFile; fileRef = 5E84983D2D343E8800C99C98 /* IconsSwiftUI.swift */; };
		5E8701B02D2D891000B740BB /* Swift_SwiftUIApp.swift in Sources */ = {isa = PBXBuildFile; fileRef = 5E8701AF2D2D891000B740BB /* Swift_SwiftUIApp.swift */; };
		5E8701B22D2D891000B740BB /* ContentView.swift in Sources */ = {isa = PBXBuildFile; fileRef = 5E8701B12D2D891000B740BB /* ContentView.swift */; };
		5E8701B42D2D891300B740BB /* Assets.xcassets in Resources */ = {isa = PBXBuildFile; fileRef = 5E8701B32D2D891300B740BB /* Assets.xcassets */; };
		5E8701B72D2D891300B740BB /* Preview Assets.xcassets in Resources */ = {isa = PBXBuildFile; fileRef = 5E8701B62D2D891300B740BB /* Preview Assets.xcassets */; };
		5E8701C12D2D891300B740BB /* Swift_SwiftUITests.swift in Sources */ = {isa = PBXBuildFile; fileRef = 5E8701C02D2D891300B740BB /* Swift_SwiftUITests.swift */; };
		5E8701CB2D2D891300B740BB /* Swift_SwiftUIUITests.swift in Sources */ = {isa = PBXBuildFile; fileRef = 5E8701CA2D2D891300B740BB /* Swift_SwiftUIUITests.swift */; };
		5E8701CD2D2D891300B740BB /* Swift_SwiftUIUITestsLaunchTests.swift in Sources */ = {isa = PBXBuildFile; fileRef = 5E8701CC2D2D891300B740BB /* Swift_SwiftUIUITestsLaunchTests.swift */; };
		5EFB41C52D2DB17C008DC274 /* ShapeSwiftUI.swift in Sources */ = {isa = PBXBuildFile; fileRef = 5EFB41C42D2DB17C008DC274 /* ShapeSwiftUI.swift */; };
		5EFB41C72D2DC565008DC274 /* ColorSwiftUI.swift in Sources */ = {isa = PBXBuildFile; fileRef = 5EFB41C62D2DC564008DC274 /* ColorSwiftUI.swift */; };
/* End PBXBuildFile section */

/* Begin PBXContainerItemProxy section */
		5E8701BD2D2D891300B740BB /* PBXContainerItemProxy */ = {
			isa = PBXContainerItemProxy;
			containerPortal = 5E8701A42D2D891000B740BB /* Project object */;
			proxyType = 1;
			remoteGlobalIDString = 5E8701AB2D2D891000B740BB;
			remoteInfo = "Swift-SwiftUI";
		};
		5E8701C72D2D891300B740BB /* PBXContainerItemProxy */ = {
			isa = PBXContainerItemProxy;
			containerPortal = 5E8701A42D2D891000B740BB /* Project object */;
			proxyType = 1;
			remoteGlobalIDString = 5E8701AB2D2D891000B740BB;
			remoteInfo = "Swift-SwiftUI";
		};
/* End PBXContainerItemProxy section */

/* Begin PBXFileReference section */
		5E3D6BC62D3079F1009F44BD /* GradientSwiftUI.swift */ = {isa = PBXFileReference; lastKnownFileType = sourcecode.swift; path = GradientSwiftUI.swift; sourceTree = "<group>"; };
		5E84983D2D343E8800C99C98 /* IconsSwiftUI.swift */ = {isa = PBXFileReference; lastKnownFileType = sourcecode.swift; path = IconsSwiftUI.swift; sourceTree = "<group>"; };
		5E8701AC2D2D891000B740BB /* Swift-SwiftUI.app */ = {isa = PBXFileReference; explicitFileType = wrapper.application; includeInIndex = 0; path = "Swift-SwiftUI.app"; sourceTree = BUILT_PRODUCTS_DIR; };
		5E8701AF2D2D891000B740BB /* Swift_SwiftUIApp.swift */ = {isa = PBXFileReference; lastKnownFileType = sourcecode.swift; path = Swift_SwiftUIApp.swift; sourceTree = "<group>"; };
		5E8701B12D2D891000B740BB /* ContentView.swift */ = {isa = PBXFileReference; lastKnownFileType = sourcecode.swift; path = ContentView.swift; sourceTree = "<group>"; };
		5E8701B32D2D891300B740BB /* Assets.xcassets */ = {isa = PBXFileReference; lastKnownFileType = folder.assetcatalog; path = Assets.xcassets; sourceTree = "<group>"; };
		5E8701B62D2D891300B740BB /* Preview Assets.xcassets */ = {isa = PBXFileReference; lastKnownFileType = folder.assetcatalog; path = "Preview Assets.xcassets"; sourceTree = "<group>"; };
		5E8701BC2D2D891300B740BB /* Swift-SwiftUITests.xctest */ = {isa = PBXFileReference; explicitFileType = wrapper.cfbundle; includeInIndex = 0; path = "Swift-SwiftUITests.xctest"; sourceTree = BUILT_PRODUCTS_DIR; };
		5E8701C02D2D891300B740BB /* Swift_SwiftUITests.swift */ = {isa = PBXFileReference; lastKnownFileType = sourcecode.swift; path = Swift_SwiftUITests.swift; sourceTree = "<group>"; };
		5E8701C62D2D891300B740BB /* Swift-SwiftUIUITests.xctest */ = {isa = PBXFileReference; explicitFileType = wrapper.cfbundle; includeInIndex = 0; path = "Swift-SwiftUIUITests.xctest"; sourceTree = BUILT_PRODUCTS_DIR; };
		5E8701CA2D2D891300B740BB /* Swift_SwiftUIUITests.swift */ = {isa = PBXFileReference; lastKnownFileType = sourcecode.swift; path = Swift_SwiftUIUITests.swift; sourceTree = "<group>"; };
		5E8701CC2D2D891300B740BB /* Swift_SwiftUIUITestsLaunchTests.swift */ = {isa = PBXFileReference; lastKnownFileType = sourcecode.swift; path = Swift_SwiftUIUITestsLaunchTests.swift; sourceTree = "<group>"; };
		5EFB41C42D2DB17C008DC274 /* ShapeSwiftUI.swift */ = {isa = PBXFileReference; lastKnownFileType = sourcecode.swift; path = ShapeSwiftUI.swift; sourceTree = "<group>"; tabWidth = 4; };
		5EFB41C62D2DC564008DC274 /* ColorSwiftUI.swift */ = {isa = PBXFileReference; lastKnownFileType = sourcecode.swift; path = ColorSwiftUI.swift; sourceTree = "<group>"; };
/* End PBXFileReference section */

/* Begin PBXFrameworksBuildPhase section */
		5E8701A92D2D891000B740BB /* Frameworks */ = {
			isa = PBXFrameworksBuildPhase;
			buildActionMask = 2147483647;
			files = (
			);
			runOnlyForDeploymentPostprocessing = 0;
		};
		5E8701B92D2D891300B740BB /* Frameworks */ = {
			isa = PBXFrameworksBuildPhase;
			buildActionMask = 2147483647;
			files = (
			);
			runOnlyForDeploymentPostprocessing = 0;
		};
		5E8701C32D2D891300B740BB /* Frameworks */ = {
			isa = PBXFrameworksBuildPhase;
			buildActionMask = 2147483647;
			files = (
			);
			runOnlyForDeploymentPostprocessing = 0;
		};
/* End PBXFrameworksBuildPhase section */

/* Begin PBXGroup section */
		5E8701A32D2D891000B740BB = {
			isa = PBXGroup;
			children = (
				5E8701AE2D2D891000B740BB /* Swift-SwiftUI */,
				5E8701BF2D2D891300B740BB /* Swift-SwiftUITests */,
				5E8701C92D2D891300B740BB /* Swift-SwiftUIUITests */,
				5E8701AD2D2D891000B740BB /* Products */,
			);
			sourceTree = "<group>";
		};
		5E8701AD2D2D891000B740BB /* Products */ = {
			isa = PBXGroup;
			children = (
				5E8701AC2D2D891000B740BB /* Swift-SwiftUI.app */,
				5E8701BC2D2D891300B740BB /* Swift-SwiftUITests.xctest */,
				5E8701C62D2D891300B740BB /* Swift-SwiftUIUITests.xctest */,
			);
			name = Products;
			sourceTree = "<group>";
		};
		5E8701AE2D2D891000B740BB /* Swift-SwiftUI */ = {
			isa = PBXGroup;
			children = (
				5E8701AF2D2D891000B740BB /* Swift_SwiftUIApp.swift */,
				5E8701B12D2D891000B740BB /* ContentView.swift */,
				5EFB41C42D2DB17C008DC274 /* ShapeSwiftUI.swift */,
				5EFB41C62D2DC564008DC274 /* ColorSwiftUI.swift */,
				5E3D6BC62D3079F1009F44BD /* GradientSwiftUI.swift */,
				5E84983D2D343E8800C99C98 /* IconsSwiftUI.swift */,
				5E8701B32D2D891300B740BB /* Assets.xcassets */,
				5E8701B52D2D891300B740BB /* Preview Content */,
			);
			path = "Swift-SwiftUI";
			sourceTree = "<group>";
		};
		5E8701B52D2D891300B740BB /* Preview Content */ = {
			isa = PBXGroup;
			children = (
				5E8701B62D2D891300B740BB /* Preview Assets.xcassets */,
			);
			path = "Preview Content";
			sourceTree = "<group>";
		};
		5E8701BF2D2D891300B740BB /* Swift-SwiftUITests */ = {
			isa = PBXGroup;
			children = (
				5E8701C02D2D891300B740BB /* Swift_SwiftUITests.swift */,
			);
			path = "Swift-SwiftUITests";
			sourceTree = "<group>";
		};
		5E8701C92D2D891300B740BB /* Swift-SwiftUIUITests */ = {
			isa = PBXGroup;
			children = (
				5E8701CA2D2D891300B740BB /* Swift_SwiftUIUITests.swift */,
				5E8701CC2D2D891300B740BB /* Swift_SwiftUIUITestsLaunchTests.swift */,
			);
			path = "Swift-SwiftUIUITests";
			sourceTree = "<group>";
		};
/* End PBXGroup section */

/* Begin PBXNativeTarget section */
		5E8701AB2D2D891000B740BB /* Swift-SwiftUI */ = {
			isa = PBXNativeTarget;
			buildConfigurationList = 5E8701D02D2D891300B740BB /* Build configuration list for PBXNativeTarget "Swift-SwiftUI" */;
			buildPhases = (
				5E8701A82D2D891000B740BB /* Sources */,
				5E8701A92D2D891000B740BB /* Frameworks */,
				5E8701AA2D2D891000B740BB /* Resources */,
			);
			buildRules = (
			);
			dependencies = (
			);
			name = "Swift-SwiftUI";
			productName = "Swift-SwiftUI";
			productReference = 5E8701AC2D2D891000B740BB /* Swift-SwiftUI.app */;
			productType = "com.apple.product-type.application";
		};
		5E8701BB2D2D891300B740BB /* Swift-SwiftUITests */ = {
			isa = PBXNativeTarget;
			buildConfigurationList = 5E8701D32D2D891300B740BB /* Build configuration list for PBXNativeTarget "Swift-SwiftUITests" */;
			buildPhases = (
				5E8701B82D2D891300B740BB /* Sources */,
				5E8701B92D2D891300B740BB /* Frameworks */,
				5E8701BA2D2D891300B740BB /* Resources */,
			);
			buildRules = (
			);
			dependencies = (
				5E8701BE2D2D891300B740BB /* PBXTargetDependency */,
			);
			name = "Swift-SwiftUITests";
			productName = "Swift-SwiftUITests";
			productReference = 5E8701BC2D2D891300B740BB /* Swift-SwiftUITests.xctest */;
			productType = "com.apple.product-type.bundle.unit-test";
		};
		5E8701C52D2D891300B740BB /* Swift-SwiftUIUITests */ = {
			isa = PBXNativeTarget;
			buildConfigurationList = 5E8701D62D2D891300B740BB /* Build configuration list for PBXNativeTarget "Swift-SwiftUIUITests" */;
			buildPhases = (
				5E8701C22D2D891300B740BB /* Sources */,
				5E8701C32D2D891300B740BB /* Frameworks */,
				5E8701C42D2D891300B740BB /* Resources */,
			);
			buildRules = (
			);
			dependencies = (
				5E8701C82D2D891300B740BB /* PBXTargetDependency */,
			);
			name = "Swift-SwiftUIUITests";
			productName = "Swift-SwiftUIUITests";
			productReference = 5E8701C62D2D891300B740BB /* Swift-SwiftUIUITests.xctest */;
			productType = "com.apple.product-type.bundle.ui-testing";
		};
/* End PBXNativeTarget section */

/* Begin PBXProject section */
		5E8701A42D2D891000B740BB /* Project object */ = {
			isa = PBXProject;
			attributes = {
				BuildIndependentTargetsInParallel = 1;
				LastSwiftUpdateCheck = 1530;
				LastUpgradeCheck = 1530;
				TargetAttributes = {
					5E8701AB2D2D891000B740BB = {
						CreatedOnToolsVersion = 15.3;
					};
					5E8701BB2D2D891300B740BB = {
						CreatedOnToolsVersion = 15.3;
						TestTargetID = 5E8701AB2D2D891000B740BB;
					};
					5E8701C52D2D891300B740BB = {
						CreatedOnToolsVersion = 15.3;
						TestTargetID = 5E8701AB2D2D891000B740BB;
					};
				};
			};
			buildConfigurationList = 5E8701A72D2D891000B740BB /* Build configuration list for PBXProject "Swift-SwiftUI" */;
			compatibilityVersion = "Xcode 14.0";
			developmentRegion = en;
			hasScannedForEncodings = 0;
			knownRegions = (
				en,
				Base,
			);
			mainGroup = 5E8701A32D2D891000B740BB;
			productRefGroup = 5E8701AD2D2D891000B740BB /* Products */;
			projectDirPath = "";
			projectRoot = "";
			targets = (
				5E8701AB2D2D891000B740BB /* Swift-SwiftUI */,
				5E8701BB2D2D891300B740BB /* Swift-SwiftUITests */,
				5E8701C52D2D891300B740BB /* Swift-SwiftUIUITests */,
			);
		};
/* End PBXProject section */

/* Begin PBXResourcesBuildPhase section */
		5E8701AA2D2D891000B740BB /* Resources */ = {
			isa = PBXResourcesBuildPhase;
			buildActionMask = 2147483647;
			files = (
				5E8701B72D2D891300B740BB /* Preview Assets.xcassets in Resources */,
				5E8701B42D2D891300B740BB /* Assets.xcassets in Resources */,
			);
			runOnlyForDeploymentPostprocessing = 0;
		};
		5E8701BA2D2D891300B740BB /* Resources */ = {
			isa = PBXResourcesBuildPhase;
			buildActionMask = 2147483647;
			files = (
			);
			runOnlyForDeploymentPostprocessing = 0;
		};
		5E8701C42D2D891300B740BB /* Resources */ = {
			isa = PBXResourcesBuildPhase;
			buildActionMask = 2147483647;
			files = (
			);
			runOnlyForDeploymentPostprocessing = 0;
		};
/* End PBXResourcesBuildPhase section */

/* Begin PBXSourcesBuildPhase section */
		5E8701A82D2D891000B740BB /* Sources */ = {
			isa = PBXSourcesBuildPhase;
			buildActionMask = 2147483647;
			files = (
				5E8701B22D2D891000B740BB /* ContentView.swift in Sources */,
				5E3D6BC72D3079F1009F44BD /* GradientSwiftUI.swift in Sources */,
				5E84983E2D343E8800C99C98 /* IconsSwiftUI.swift in Sources */,
				5E8701B02D2D891000B740BB /* Swift_SwiftUIApp.swift in Sources */,
				5EFB41C52D2DB17C008DC274 /* ShapeSwiftUI.swift in Sources */,
				5EFB41C72D2DC565008DC274 /* ColorSwiftUI.swift in Sources */,
			);
			runOnlyForDeploymentPostprocessing = 0;
		};
		5E8701B82D2D891300B740BB /* Sources */ = {
			isa = PBXSourcesBuildPhase;
			buildActionMask = 2147483647;
			files = (
				5E8701C12D2D891300B740BB /* Swift_SwiftUITests.swift in Sources */,
			);
			runOnlyForDeploymentPostprocessing = 0;
		};
		5E8701C22D2D891300B740BB /* Sources */ = {
			isa = PBXSourcesBuildPhase;
			buildActionMask = 2147483647;
			files = (
				5E8701CD2D2D891300B740BB /* Swift_SwiftUIUITestsLaunchTests.swift in Sources */,
				5E8701CB2D2D891300B740BB /* Swift_SwiftUIUITests.swift in Sources */,
			);
			runOnlyForDeploymentPostprocessing = 0;
		};
/* End PBXSourcesBuildPhase section */

/* Begin PBXTargetDependency section */
		5E8701BE2D2D891300B740BB /* PBXTargetDependency */ = {
			isa = PBXTargetDependency;
			target = 5E8701AB2D2D891000B740BB /* Swift-SwiftUI */;
			targetProxy = 5E8701BD2D2D891300B740BB /* PBXContainerItemProxy */;
		};
		5E8701C82D2D891300B740BB /* PBXTargetDependency */ = {
			isa = PBXTargetDependency;
			target = 5E8701AB2D2D891000B740BB /* Swift-SwiftUI */;
			targetProxy = 5E8701C72D2D891300B740BB /* PBXContainerItemProxy */;
		};
/* End PBXTargetDependency section */

/* Begin XCBuildConfiguration section */
		5E8701CE2D2D891300B740BB /* Debug */ = {
			isa = XCBuildConfiguration;
			buildSettings = {
				ALWAYS_SEARCH_USER_PATHS = NO;
				ASSETCATALOG_COMPILER_GENERATE_SWIFT_ASSET_SYMBOL_EXTENSIONS = YES;
				CLANG_ANALYZER_NONNULL = YES;
				CLANG_ANALYZER_NUMBER_OBJECT_CONVERSION = YES_AGGRESSIVE;
				CLANG_CXX_LANGUAGE_STANDARD = "gnu++20";
				CLANG_ENABLE_MODULES = YES;
				CLANG_ENABLE_OBJC_ARC = YES;
				CLANG_ENABLE_OBJC_WEAK = YES;
				CLANG_WARN_BLOCK_CAPTURE_AUTORELEASING = YES;
				CLANG_WARN_BOOL_CONVERSION = YES;
				CLANG_WARN_COMMA = YES;
				CLANG_WARN_CONSTANT_CONVERSION = YES;
				CLANG_WARN_DEPRECATED_OBJC_IMPLEMENTATIONS = YES;
				CLANG_WARN_DIRECT_OBJC_ISA_USAGE = YES_ERROR;
				CLANG_WARN_DOCUMENTATION_COMMENTS = YES;
				CLANG_WARN_EMPTY_BODY = YES;
				CLANG_WARN_ENUM_CONVERSION = YES;
				CLANG_WARN_INFINITE_RECURSION = YES;
				CLANG_WARN_INT_CONVERSION = YES;
				CLANG_WARN_NON_LITERAL_NULL_CONVERSION = YES;
				CLANG_WARN_OBJC_IMPLICIT_RETAIN_SELF = YES;
				CLANG_WARN_OBJC_LITERAL_CONVERSION = YES;
				CLANG_WARN_OBJC_ROOT_CLASS = YES_ERROR;
				CLANG_WARN_QUOTED_INCLUDE_IN_FRAMEWORK_HEADER = YES;
				CLANG_WARN_RANGE_LOOP_ANALYSIS = YES;
				CLANG_WARN_STRICT_PROTOTYPES = YES;
				CLANG_WARN_SUSPICIOUS_MOVE = YES;
				CLANG_WARN_UNGUARDED_AVAILABILITY = YES_AGGRESSIVE;
				CLANG_WARN_UNREACHABLE_CODE = YES;
				CLANG_WARN__DUPLICATE_METHOD_MATCH = YES;
				COPY_PHASE_STRIP = NO;
				DEBUG_INFORMATION_FORMAT = dwarf;
				ENABLE_STRICT_OBJC_MSGSEND = YES;
				ENABLE_TESTABILITY = YES;
				ENABLE_USER_SCRIPT_SANDBOXING = YES;
				GCC_C_LANGUAGE_STANDARD = gnu17;
				GCC_DYNAMIC_NO_PIC = NO;
				GCC_NO_COMMON_BLOCKS = YES;
				GCC_OPTIMIZATION_LEVEL = 0;
				GCC_PREPROCESSOR_DEFINITIONS = (
					"DEBUG=1",
					"$(inherited)",
				);
				GCC_WARN_64_TO_32_BIT_CONVERSION = YES;
				GCC_WARN_ABOUT_RETURN_TYPE = YES_ERROR;
				GCC_WARN_UNDECLARED_SELECTOR = YES;
				GCC_WARN_UNINITIALIZED_AUTOS = YES_AGGRESSIVE;
				GCC_WARN_UNUSED_FUNCTION = YES;
				GCC_WARN_UNUSED_VARIABLE = YES;
				IPHONEOS_DEPLOYMENT_TARGET = 17.4;
				LOCALIZATION_PREFERS_STRING_CATALOGS = YES;
				MTL_ENABLE_DEBUG_INFO = INCLUDE_SOURCE;
				MTL_FAST_MATH = YES;
				ONLY_ACTIVE_ARCH = YES;
				SDKROOT = iphoneos;
				SWIFT_ACTIVE_COMPILATION_CONDITIONS = "DEBUG $(inherited)";
				SWIFT_OPTIMIZATION_LEVEL = "-Onone";
			};
			name = Debug;
		};
		5E8701CF2D2D891300B740BB /* Release */ = {
			isa = XCBuildConfiguration;
			buildSettings = {
				ALWAYS_SEARCH_USER_PATHS = NO;
				ASSETCATALOG_COMPILER_GENERATE_SWIFT_ASSET_SYMBOL_EXTENSIONS = YES;
				CLANG_ANALYZER_NONNULL = YES;
				CLANG_ANALYZER_NUMBER_OBJECT_CONVERSION = YES_AGGRESSIVE;
				CLANG_CXX_LANGUAGE_STANDARD = "gnu++20";
				CLANG_ENABLE_MODULES = YES;
				CLANG_ENABLE_OBJC_ARC = YES;
				CLANG_ENABLE_OBJC_WEAK = YES;
				CLANG_WARN_BLOCK_CAPTURE_AUTORELEASING = YES;
				CLANG_WARN_BOOL_CONVERSION = YES;
				CLANG_WARN_COMMA = YES;
				CLANG_WARN_CONSTANT_CONVERSION = YES;
				CLANG_WARN_DEPRECATED_OBJC_IMPLEMENTATIONS = YES;
				CLANG_WARN_DIRECT_OBJC_ISA_USAGE = YES_ERROR;
				CLANG_WARN_DOCUMENTATION_COMMENTS = YES;
				CLANG_WARN_EMPTY_BODY = YES;
				CLANG_WARN_ENUM_CONVERSION = YES;
				CLANG_WARN_INFINITE_RECURSION = YES;
				CLANG_WARN_INT_CONVERSION = YES;
				CLANG_WARN_NON_LITERAL_NULL_CONVERSION = YES;
				CLANG_WARN_OBJC_IMPLICIT_RETAIN_SELF = YES;
				CLANG_WARN_OBJC_LITERAL_CONVERSION = YES;
				CLANG_WARN_OBJC_ROOT_CLASS = YES_ERROR;
				CLANG_WARN_QUOTED_INCLUDE_IN_FRAMEWORK_HEADER = YES;
				CLANG_WARN_RANGE_LOOP_ANALYSIS = YES;
				CLANG_WARN_STRICT_PROTOTYPES = YES;
				CLANG_WARN_SUSPICIOUS_MOVE = YES;
				CLANG_WARN_UNGUARDED_AVAILABILITY = YES_AGGRESSIVE;
				CLANG_WARN_UNREACHABLE_CODE = YES;
				CLANG_WARN__DUPLICATE_METHOD_MATCH = YES;
				COPY_PHASE_STRIP = NO;
				DEBUG_INFORMATION_FORMAT = "dwarf-with-dsym";
				ENABLE_NS_ASSERTIONS = NO;
				ENABLE_STRICT_OBJC_MSGSEND = YES;
				ENABLE_USER_SCRIPT_SANDBOXING = YES;
				GCC_C_LANGUAGE_STANDARD = gnu17;
				GCC_NO_COMMON_BLOCKS = YES;
				GCC_WARN_64_TO_32_BIT_CONVERSION = YES;
				GCC_WARN_ABOUT_RETURN_TYPE = YES_ERROR;
				GCC_WARN_UNDECLARED_SELECTOR = YES;
				GCC_WARN_UNINITIALIZED_AUTOS = YES_AGGRESSIVE;
				GCC_WARN_UNUSED_FUNCTION = YES;
				GCC_WARN_UNUSED_VARIABLE = YES;
				IPHONEOS_DEPLOYMENT_TARGET = 17.4;
				LOCALIZATION_PREFERS_STRING_CATALOGS = YES;
				MTL_ENABLE_DEBUG_INFO = NO;
				MTL_FAST_MATH = YES;
				SDKROOT = iphoneos;
				SWIFT_COMPILATION_MODE = wholemodule;
				VALIDATE_PRODUCT = YES;
			};
			name = Release;
		};
		5E8701D12D2D891300B740BB /* Debug */ = {
			isa = XCBuildConfiguration;
			buildSettings = {
				ASSETCATALOG_COMPILER_APPICON_NAME = AppIcon;
				ASSETCATALOG_COMPILER_GLOBAL_ACCENT_COLOR_NAME = AccentColor;
				CODE_SIGN_STYLE = Automatic;
				CURRENT_PROJECT_VERSION = 1;
				DEVELOPMENT_ASSET_PATHS = "\"Swift-SwiftUI/Preview Content\"";
				ENABLE_PREVIEWS = YES;
				GENERATE_INFOPLIST_FILE = YES;
				INFOPLIST_KEY_UIApplicationSceneManifest_Generation = YES;
				INFOPLIST_KEY_UIApplicationSupportsIndirectInputEvents = YES;
				INFOPLIST_KEY_UILaunchScreen_Generation = YES;
				INFOPLIST_KEY_UISupportedInterfaceOrientations_iPad = "UIInterfaceOrientationPortrait UIInterfaceOrientationPortraitUpsideDown UIInterfaceOrientationLandscapeLeft UIInterfaceOrientationLandscapeRight";
				INFOPLIST_KEY_UISupportedInterfaceOrientations_iPhone = "UIInterfaceOrientationPortrait UIInterfaceOrientationLandscapeLeft UIInterfaceOrientationLandscapeRight";
				LD_RUNPATH_SEARCH_PATHS = (
					"$(inherited)",
					"@executable_path/Frameworks",
				);
				MARKETING_VERSION = 1.0;
				PRODUCT_BUNDLE_IDENTIFIER = "com.josepernia.Swift-SwiftUI";
				PRODUCT_NAME = "$(TARGET_NAME)";
				SWIFT_EMIT_LOC_STRINGS = YES;
				SWIFT_VERSION = 5.0;
				TARGETED_DEVICE_FAMILY = "1,2";
			};
			name = Debug;
		};
		5E8701D22D2D891300B740BB /* Release */ = {
			isa = XCBuildConfiguration;
			buildSettings = {
				ASSETCATALOG_COMPILER_APPICON_NAME = AppIcon;
				ASSETCATALOG_COMPILER_GLOBAL_ACCENT_COLOR_NAME = AccentColor;
				CODE_SIGN_STYLE = Automatic;
				CURRENT_PROJECT_VERSION = 1;
				DEVELOPMENT_ASSET_PATHS = "\"Swift-SwiftUI/Preview Content\"";
				ENABLE_PREVIEWS = YES;
				GENERATE_INFOPLIST_FILE = YES;
				INFOPLIST_KEY_UIApplicationSceneManifest_Generation = YES;
				INFOPLIST_KEY_UIApplicationSupportsIndirectInputEvents = YES;
				INFOPLIST_KEY_UILaunchScreen_Generation = YES;
				INFOPLIST_KEY_UISupportedInterfaceOrientations_iPad = "UIInterfaceOrientationPortrait UIInterfaceOrientationPortraitUpsideDown UIInterfaceOrientationLandscapeLeft UIInterfaceOrientationLandscapeRight";
				INFOPLIST_KEY_UISupportedInterfaceOrientations_iPhone = "UIInterfaceOrientationPortrait UIInterfaceOrientationLandscapeLeft UIInterfaceOrientationLandscapeRight";
				LD_RUNPATH_SEARCH_PATHS = (
					"$(inherited)",
					"@executable_path/Frameworks",
				);
				MARKETING_VERSION = 1.0;
				PRODUCT_BUNDLE_IDENTIFIER = "com.josepernia.Swift-SwiftUI";
				PRODUCT_NAME = "$(TARGET_NAME)";
				SWIFT_EMIT_LOC_STRINGS = YES;
				SWIFT_VERSION = 5.0;
				TARGETED_DEVICE_FAMILY = "1,2";
			};
			name = Release;
		};
		5E8701D42D2D891300B740BB /* Debug */ = {
			isa = XCBuildConfiguration;
			buildSettings = {
				ALWAYS_EMBED_SWIFT_STANDARD_LIBRARIES = YES;
				BUNDLE_LOADER = "$(TEST_HOST)";
				CODE_SIGN_STYLE = Automatic;
				CURRENT_PROJECT_VERSION = 1;
				GENERATE_INFOPLIST_FILE = YES;
				IPHONEOS_DEPLOYMENT_TARGET = 17.4;
				MARKETING_VERSION = 1.0;
				PRODUCT_BUNDLE_IDENTIFIER = "com.josepernia.Swift-SwiftUITests";
				PRODUCT_NAME = "$(TARGET_NAME)";
				SWIFT_EMIT_LOC_STRINGS = NO;
				SWIFT_VERSION = 5.0;
				TARGETED_DEVICE_FAMILY = "1,2";
				TEST_HOST = "$(BUILT_PRODUCTS_DIR)/Swift-SwiftUI.app/$(BUNDLE_EXECUTABLE_FOLDER_PATH)/Swift-SwiftUI";
			};
			name = Debug;
		};
		5E8701D52D2D891300B740BB /* Release */ = {
			isa = XCBuildConfiguration;
			buildSettings = {
				ALWAYS_EMBED_SWIFT_STANDARD_LIBRARIES = YES;
				BUNDLE_LOADER = "$(TEST_HOST)";
				CODE_SIGN_STYLE = Automatic;
				CURRENT_PROJECT_VERSION = 1;
				GENERATE_INFOPLIST_FILE = YES;
				IPHONEOS_DEPLOYMENT_TARGET = 17.4;
				MARKETING_VERSION = 1.0;
				PRODUCT_BUNDLE_IDENTIFIER = "com.josepernia.Swift-SwiftUITests";
				PRODUCT_NAME = "$(TARGET_NAME)";
				SWIFT_EMIT_LOC_STRINGS = NO;
				SWIFT_VERSION = 5.0;
				TARGETED_DEVICE_FAMILY = "1,2";
				TEST_HOST = "$(BUILT_PRODUCTS_DIR)/Swift-SwiftUI.app/$(BUNDLE_EXECUTABLE_FOLDER_PATH)/Swift-SwiftUI";
			};
			name = Release;
		};
		5E8701D72D2D891300B740BB /* Debug */ = {
			isa = XCBuildConfiguration;
			buildSettings = {
				ALWAYS_EMBED_SWIFT_STANDARD_LIBRARIES = YES;
				CODE_SIGN_STYLE = Automatic;
				CURRENT_PROJECT_VERSION = 1;
				GENERATE_INFOPLIST_FILE = YES;
				MARKETING_VERSION = 1.0;
				PRODUCT_BUNDLE_IDENTIFIER = "com.josepernia.Swift-SwiftUIUITests";
				PRODUCT_NAME = "$(TARGET_NAME)";
				SWIFT_EMIT_LOC_STRINGS = NO;
				SWIFT_VERSION = 5.0;
				TARGETED_DEVICE_FAMILY = "1,2";
				TEST_TARGET_NAME = "Swift-SwiftUI";
			};
			name = Debug;
		};
		5E8701D82D2D891300B740BB /* Release */ = {
			isa = XCBuildConfiguration;
			buildSettings = {
				ALWAYS_EMBED_SWIFT_STANDARD_LIBRARIES = YES;
				CODE_SIGN_STYLE = Automatic;
				CURRENT_PROJECT_VERSION = 1;
				GENERATE_INFOPLIST_FILE = YES;
				MARKETING_VERSION = 1.0;
				PRODUCT_BUNDLE_IDENTIFIER = "com.josepernia.Swift-SwiftUIUITests";
				PRODUCT_NAME = "$(TARGET_NAME)";
				SWIFT_EMIT_LOC_STRINGS = NO;
				SWIFT_VERSION = 5.0;
				TARGETED_DEVICE_FAMILY = "1,2";
				TEST_TARGET_NAME = "Swift-SwiftUI";
			};
			name = Release;
		};
/* End XCBuildConfiguration section */

/* Begin XCConfigurationList section */
		5E8701A72D2D891000B740BB /* Build configuration list for PBXProject "Swift-SwiftUI" */ = {
			isa = XCConfigurationList;
			buildConfigurations = (
				5E8701CE2D2D891300B740BB /* Debug */,
				5E8701CF2D2D891300B740BB /* Release */,
			);
			defaultConfigurationIsVisible = 0;
			defaultConfigurationName = Release;
		};
		5E8701D02D2D891300B740BB /* Build configuration list for PBXNativeTarget "Swift-SwiftUI" */ = {
			isa = XCConfigurationList;
			buildConfigurations = (
				5E8701D12D2D891300B740BB /* Debug */,
				5E8701D22D2D891300B740BB /* Release */,
			);
			defaultConfigurationIsVisible = 0;
			defaultConfigurationName = Release;
		};
		5E8701D32D2D891300B740BB /* Build configuration list for PBXNativeTarget "Swift-SwiftUITests" */ = {
			isa = XCConfigurationList;
			buildConfigurations = (
				5E8701D42D2D891300B740BB /* Debug */,
				5E8701D52D2D891300B740BB /* Release */,
			);
			defaultConfigurationIsVisible = 0;
			defaultConfigurationName = Release;
		};
		5E8701D62D2D891300B740BB /* Build configuration list for PBXNativeTarget "Swift-SwiftUIUITests" */ = {
			isa = XCConfigurationList;
			buildConfigurations = (
				5E8701D72D2D891300B740BB /* Debug */,
				5E8701D82D2D891300B740BB /* Release */,
			);
			defaultConfigurationIsVisible = 0;
			defaultConfigurationName = Release;
		};
/* End XCConfigurationList section */
	};
	rootObject = 5E8701A42D2D891000B740BB /* Project object */;
}
